// !$*UTF8*$!
{
	archiveVersion = 1;
	classes = {
	};
	objectVersion = 46;
	objects = {

/* Begin PBXBuildFile section */
		3A582759132CF031003F8ACC /* puzzle1.png in Resources */ = {isa = PBXBuildFile; fileRef = 3A582757132CF031003F8ACC /* puzzle1.png */; };
		3A7E57D1134EB0B7003CCF9D /* BoardViewController.mm in Sources */ = {isa = PBXBuildFile; fileRef = 3A7E57CF134EB0B7003CCF9D /* BoardViewController.mm */; };
		3A7E57D2134EB0B7003CCF9D /* BoardViewController.xib in Resources */ = {isa = PBXBuildFile; fileRef = 3A7E57D0134EB0B7003CCF9D /* BoardViewController.xib */; };
		3A7E57D6134EB3D4003CCF9D /* HelpViewController.m in Sources */ = {isa = PBXBuildFile; fileRef = 3A7E57D4134EB3D3003CCF9D /* HelpViewController.m */; };
		3A7E57D7134EB3D4003CCF9D /* HelpViewController.xib in Resources */ = {isa = PBXBuildFile; fileRef = 3A7E57D5134EB3D4003CCF9D /* HelpViewController.xib */; };
		3A8F9E6D134BADC000E43520 /* solver.mm in Sources */ = {isa = PBXBuildFile; fileRef = 3A8F9E6C134BADC000E43520 /* solver.mm */; };
		3A8FEDCF132CD99F00654072 /* cvutil.mm in Sources */ = {isa = PBXBuildFile; fileRef = 3A8FEDCE132CD99F00654072 /* cvutil.mm */; };
		3A94CC701331B46000B380B2 /* numerics0to9.png in Resources */ = {isa = PBXBuildFile; fileRef = 3A94CC6E1331B46000B380B2 /* numerics0to9.png */; };
		3A94CC911331B5F700B380B2 /* basicOCR.mm in Sources */ = {isa = PBXBuildFile; fileRef = 3A94CC891331B5F700B380B2 /* basicOCR.mm */; };
		3A94CC941331B5F700B380B2 /* preprocessing.mm in Sources */ = {isa = PBXBuildFile; fileRef = 3A94CC8D1331B5F700B380B2 /* preprocessing.mm */; };
		3A94D0881331B60A00B380B2 /* 000.pbm in Resources */ = {isa = PBXBuildFile; fileRef = 3A94CC971331B60800B380B2 /* 000.pbm */; };
		3A94D0EC1331B60A00B380B2 /* 100.pbm in Resources */ = {isa = PBXBuildFile; fileRef = 3A94CCFC1331B60800B380B2 /* 100.pbm */; };
		3A94D1501331B60A00B380B2 /* 200.pbm in Resources */ = {isa = PBXBuildFile; fileRef = 3A94CD611331B60900B380B2 /* 200.pbm */; };
		3A94D1B41331B60A00B380B2 /* 300.pbm in Resources */ = {isa = PBXBuildFile; fileRef = 3A94CDC61331B60900B380B2 /* 300.pbm */; };
		3A94D2181331B60A00B380B2 /* 400.pbm in Resources */ = {isa = PBXBuildFile; fileRef = 3A94CE2B1331B60900B380B2 /* 400.pbm */; };
		3A94D27C1331B60A00B380B2 /* 500.pbm in Resources */ = {isa = PBXBuildFile; fileRef = 3A94CE901331B60900B380B2 /* 500.pbm */; };
		3A94D2E01331B60A00B380B2 /* 600.pbm in Resources */ = {isa = PBXBuildFile; fileRef = 3A94CEF51331B60900B380B2 /* 600.pbm */; };
		3A94D3441331B60A00B380B2 /* 700.pbm in Resources */ = {isa = PBXBuildFile; fileRef = 3A94CF5A1331B60900B380B2 /* 700.pbm */; };
		3A94D3A81331B60A00B380B2 /* 800.pbm in Resources */ = {isa = PBXBuildFile; fileRef = 3A94CFBF1331B60900B380B2 /* 800.pbm */; };
		3A94D40C1331B60A00B380B2 /* 900.pbm in Resources */ = {isa = PBXBuildFile; fileRef = 3A94D0241331B60900B380B2 /* 900.pbm */; };
		3A951C1E1352CE17006ACF0C /* ArchiveViewController.m in Sources */ = {isa = PBXBuildFile; fileRef = 3A951C1C1352CE13006ACF0C /* ArchiveViewController.m */; };
		3A951C1F1352CE17006ACF0C /* ArchiveViewController.xib in Resources */ = {isa = PBXBuildFile; fileRef = 3A951C1D1352CE14006ACF0C /* ArchiveViewController.xib */; };
		3A996BE2132FF9700061CCFD /* simpleLines.png in Resources */ = {isa = PBXBuildFile; fileRef = 3A996BE0132FF9700061CCFD /* simpleLines.png */; };
		3A9E6C4A13295D120055628C /* UIKit.framework in Frameworks */ = {isa = PBXBuildFile; fileRef = 3A9E6C4913295D120055628C /* UIKit.framework */; };
		3A9E6C4C13295D120055628C /* Foundation.framework in Frameworks */ = {isa = PBXBuildFile; fileRef = 3A9E6C4B13295D120055628C /* Foundation.framework */; };
		3A9E6C4E13295D120055628C /* CoreGraphics.framework in Frameworks */ = {isa = PBXBuildFile; fileRef = 3A9E6C4D13295D120055628C /* CoreGraphics.framework */; };
		3A9E6C5413295D120055628C /* InfoPlist.strings in Resources */ = {isa = PBXBuildFile; fileRef = 3A9E6C5213295D120055628C /* InfoPlist.strings */; };
		3A9E6C5713295D120055628C /* main.m in Sources */ = {isa = PBXBuildFile; fileRef = 3A9E6C5613295D120055628C /* main.m */; };
		3A9E6C5A13295D120055628C /* SudokubotAppDelegate.mm in Sources */ = {isa = PBXBuildFile; fileRef = 3A9E6C5913295D120055628C /* SudokubotAppDelegate.mm */; };
		3A9E6C5D13295D120055628C /* MainWindow.xib in Resources */ = {isa = PBXBuildFile; fileRef = 3A9E6C5B13295D120055628C /* MainWindow.xib */; };
		3A9E6C6013295D120055628C /* SudokubotViewController.mm in Sources */ = {isa = PBXBuildFile; fileRef = 3A9E6C5F13295D120055628C /* SudokubotViewController.mm */; };
		3A9E6C6313295D120055628C /* SudokubotViewController.xib in Resources */ = {isa = PBXBuildFile; fileRef = 3A9E6C6113295D120055628C /* SudokubotViewController.xib */; };
		3A9E6C6A13295D120055628C /* UIKit.framework in Frameworks */ = {isa = PBXBuildFile; fileRef = 3A9E6C4913295D120055628C /* UIKit.framework */; };
		3A9E6C6B13295D120055628C /* Foundation.framework in Frameworks */ = {isa = PBXBuildFile; fileRef = 3A9E6C4B13295D120055628C /* Foundation.framework */; };
		3A9E6C6C13295D120055628C /* CoreGraphics.framework in Frameworks */ = {isa = PBXBuildFile; fileRef = 3A9E6C4D13295D120055628C /* CoreGraphics.framework */; };
		3A9E6C7413295D130055628C /* InfoPlist.strings in Resources */ = {isa = PBXBuildFile; fileRef = 3A9E6C7213295D120055628C /* InfoPlist.strings */; };
		3A9E6C7713295D130055628C /* SudokubotTests.hpp in Resources */ = {isa = PBXBuildFile; fileRef = 3A9E6C7613295D130055628C /* SudokubotTests.hpp */; };
		3A9E6C7913295D130055628C /* SudokubotTests.mm in Sources */ = {isa = PBXBuildFile; fileRef = 3A9E6C7813295D130055628C /* SudokubotTests.mm */; };
		3AC35C74133466FA0099F669 /* PuzzleParser.mm in Sources */ = {isa = PBXBuildFile; fileRef = 3AC35C73133466F90099F669 /* PuzzleParser.mm */; };
/* End PBXBuildFile section */

/* Begin PBXContainerItemProxy section */
		3A9E6C6D13295D120055628C /* PBXContainerItemProxy */ = {
			isa = PBXContainerItemProxy;
			containerPortal = 3A9E6C3C13295D110055628C /* Project object */;
			proxyType = 1;
			remoteGlobalIDString = 3A9E6C4413295D120055628C;
			remoteInfo = Sudokubot;
		};
/* End PBXContainerItemProxy section */

/* Begin PBXFileReference section */
		3A582758132CF031003F8ACC /* en */ = {isa = PBXFileReference; lastKnownFileType = image.png; name = en; path = en.lproj/puzzle1.png; sourceTree = "<group>"; };
		3A7E57CE134EB0B7003CCF9D /* BoardViewController.h */ = {isa = PBXFileReference; fileEncoding = 4; lastKnownFileType = sourcecode.c.h; path = BoardViewController.h; sourceTree = "<group>"; };
		3A7E57CF134EB0B7003CCF9D /* BoardViewController.mm */ = {isa = PBXFileReference; fileEncoding = 4; lastKnownFileType = sourcecode.cpp.objcpp; path = BoardViewController.mm; sourceTree = "<group>"; };
		3A7E57D0134EB0B7003CCF9D /* BoardViewController.xib */ = {isa = PBXFileReference; fileEncoding = 4; lastKnownFileType = file.xib; path = BoardViewController.xib; sourceTree = "<group>"; };
		3A7E57D3134EB3D3003CCF9D /* HelpViewController.h */ = {isa = PBXFileReference; fileEncoding = 4; lastKnownFileType = sourcecode.c.h; path = HelpViewController.h; sourceTree = "<group>"; };
		3A7E57D4134EB3D3003CCF9D /* HelpViewController.m */ = {isa = PBXFileReference; fileEncoding = 4; lastKnownFileType = sourcecode.c.objc; path = HelpViewController.m; sourceTree = "<group>"; };
		3A7E57D5134EB3D4003CCF9D /* HelpViewController.xib */ = {isa = PBXFileReference; fileEncoding = 4; lastKnownFileType = file.xib; path = HelpViewController.xib; sourceTree = "<group>"; };
		3A8F9E6B134BADC000E43520 /* solver.hpp */ = {isa = PBXFileReference; fileEncoding = 4; lastKnownFileType = sourcecode.cpp.h; name = solver.hpp; path = ../solver.hpp; sourceTree = "<group>"; };
		3A8F9E6C134BADC000E43520 /* solver.mm */ = {isa = PBXFileReference; fileEncoding = 4; lastKnownFileType = sourcecode.cpp.objcpp; name = solver.mm; path = ../solver.mm; sourceTree = "<group>"; };
		3A8FEDCD132CD99F00654072 /* cvutil.hpp */ = {isa = PBXFileReference; fileEncoding = 4; lastKnownFileType = sourcecode.cpp.h; path = cvutil.hpp; sourceTree = "<group>"; };
		3A8FEDCE132CD99F00654072 /* cvutil.mm */ = {isa = PBXFileReference; fileEncoding = 4; lastKnownFileType = sourcecode.cpp.objcpp; path = cvutil.mm; sourceTree = "<group>"; };
		3A91390613463DC80058CB15 /* AppKit.framework */ = {isa = PBXFileReference; lastKnownFileType = wrapper.framework; name = AppKit.framework; path = System/Library/Frameworks/AppKit.framework; sourceTree = SDKROOT; };
		3A91390713463DC80058CB15 /* CoreData.framework */ = {isa = PBXFileReference; lastKnownFileType = wrapper.framework; name = CoreData.framework; path = System/Library/Frameworks/CoreData.framework; sourceTree = SDKROOT; };
		3A91390813463DC80058CB15 /* Foundation.framework */ = {isa = PBXFileReference; lastKnownFileType = wrapper.framework; name = Foundation.framework; path = System/Library/Frameworks/Foundation.framework; sourceTree = SDKROOT; };
		3A94CC6F1331B46000B380B2 /* en */ = {isa = PBXFileReference; lastKnownFileType = image.png; name = en; path = en.lproj/numerics0to9.png; sourceTree = "<group>"; };
		3A94CC891331B5F700B380B2 /* basicOCR.mm */ = {isa = PBXFileReference; fileEncoding = 4; lastKnownFileType = sourcecode.cpp.objcpp; path = basicOCR.mm; sourceTree = "<group>"; };
		3A94CC8A1331B5F700B380B2 /* basicOCR.hpp */ = {isa = PBXFileReference; fileEncoding = 4; lastKnownFileType = sourcecode.cpp.h; path = basicOCR.hpp; sourceTree = "<group>"; };
		3A94CC8D1331B5F700B380B2 /* preprocessing.mm */ = {isa = PBXFileReference; fileEncoding = 4; lastKnownFileType = sourcecode.cpp.objcpp; path = preprocessing.mm; sourceTree = "<group>"; };
		3A94CC8E1331B5F700B380B2 /* preprocessing.hpp */ = {isa = PBXFileReference; fileEncoding = 4; lastKnownFileType = sourcecode.cpp.h; path = preprocessing.hpp; sourceTree = "<group>"; };
		3A94CC971331B60800B380B2 /* 000.pbm */ = {isa = PBXFileReference; fileEncoding = 4; lastKnownFileType = text; path = 000.pbm; sourceTree = "<group>"; };
		3A94CCFC1331B60800B380B2 /* 100.pbm */ = {isa = PBXFileReference; fileEncoding = 4; lastKnownFileType = text; path = 100.pbm; sourceTree = "<group>"; };
		3A94CD611331B60900B380B2 /* 200.pbm */ = {isa = PBXFileReference; fileEncoding = 4; lastKnownFileType = text; path = 200.pbm; sourceTree = "<group>"; };
		3A94CDC61331B60900B380B2 /* 300.pbm */ = {isa = PBXFileReference; fileEncoding = 4; lastKnownFileType = text; path = 300.pbm; sourceTree = "<group>"; };
		3A94CE2B1331B60900B380B2 /* 400.pbm */ = {isa = PBXFileReference; fileEncoding = 4; lastKnownFileType = text; path = 400.pbm; sourceTree = "<group>"; };
		3A94CE901331B60900B380B2 /* 500.pbm */ = {isa = PBXFileReference; fileEncoding = 4; lastKnownFileType = text; path = 500.pbm; sourceTree = "<group>"; };
		3A94CEF51331B60900B380B2 /* 600.pbm */ = {isa = PBXFileReference; fileEncoding = 4; lastKnownFileType = text; path = 600.pbm; sourceTree = "<group>"; };
		3A94CF5A1331B60900B380B2 /* 700.pbm */ = {isa = PBXFileReference; fileEncoding = 4; lastKnownFileType = text; path = 700.pbm; sourceTree = "<group>"; };
		3A94CFBF1331B60900B380B2 /* 800.pbm */ = {isa = PBXFileReference; fileEncoding = 4; lastKnownFileType = text; path = 800.pbm; sourceTree = "<group>"; };
		3A94D0241331B60900B380B2 /* 900.pbm */ = {isa = PBXFileReference; fileEncoding = 4; lastKnownFileType = text; path = 900.pbm; sourceTree = "<group>"; };
		3A951C1B1352CE12006ACF0C /* ArchiveViewController.h */ = {isa = PBXFileReference; fileEncoding = 4; lastKnownFileType = sourcecode.c.h; path = ArchiveViewController.h; sourceTree = "<group>"; };
		3A951C1C1352CE13006ACF0C /* ArchiveViewController.m */ = {isa = PBXFileReference; fileEncoding = 4; lastKnownFileType = sourcecode.c.objc; path = ArchiveViewController.m; sourceTree = "<group>"; };
		3A951C1D1352CE14006ACF0C /* ArchiveViewController.xib */ = {isa = PBXFileReference; fileEncoding = 4; lastKnownFileType = file.xib; path = ArchiveViewController.xib; sourceTree = "<group>"; };
		3A996BE1132FF9700061CCFD /* en */ = {isa = PBXFileReference; lastKnownFileType = image.png; name = en; path = en.lproj/simpleLines.png; sourceTree = "<group>"; };
		3A9E6C4513295D120055628C /* Sudokubot.app */ = {isa = PBXFileReference; explicitFileType = wrapper.application; includeInIndex = 0; path = Sudokubot.app; sourceTree = BUILT_PRODUCTS_DIR; };
		3A9E6C4913295D120055628C /* UIKit.framework */ = {isa = PBXFileReference; lastKnownFileType = wrapper.framework; name = UIKit.framework; path = System/Library/Frameworks/UIKit.framework; sourceTree = SDKROOT; };
		3A9E6C4B13295D120055628C /* Foundation.framework */ = {isa = PBXFileReference; lastKnownFileType = wrapper.framework; name = Foundation.framework; path = System/Library/Frameworks/Foundation.framework; sourceTree = SDKROOT; };
		3A9E6C4D13295D120055628C /* CoreGraphics.framework */ = {isa = PBXFileReference; lastKnownFileType = wrapper.framework; name = CoreGraphics.framework; path = System/Library/Frameworks/CoreGraphics.framework; sourceTree = SDKROOT; };
		3A9E6C5113295D120055628C /* Sudokubot-Info.plist */ = {isa = PBXFileReference; lastKnownFileType = text.plist.xml; path = "Sudokubot-Info.plist"; sourceTree = "<group>"; };
		3A9E6C5313295D120055628C /* en */ = {isa = PBXFileReference; lastKnownFileType = text.plist.strings; name = en; path = en.lproj/InfoPlist.strings; sourceTree = "<group>"; };
		3A9E6C5513295D120055628C /* Sudokubot-Prefix.pch */ = {isa = PBXFileReference; lastKnownFileType = sourcecode.c.h; path = "Sudokubot-Prefix.pch"; sourceTree = "<group>"; };
		3A9E6C5613295D120055628C /* main.m */ = {isa = PBXFileReference; lastKnownFileType = sourcecode.c.objc; path = main.m; sourceTree = "<group>"; };
		3A9E6C5813295D120055628C /* SudokubotAppDelegate.h */ = {isa = PBXFileReference; lastKnownFileType = sourcecode.c.h; path = SudokubotAppDelegate.h; sourceTree = "<group>"; };
		3A9E6C5913295D120055628C /* SudokubotAppDelegate.mm */ = {isa = PBXFileReference; lastKnownFileType = sourcecode.cpp.objcpp; path = SudokubotAppDelegate.mm; sourceTree = "<group>"; };
		3A9E6C5C13295D120055628C /* en */ = {isa = PBXFileReference; lastKnownFileType = file.xib; name = en; path = en.lproj/MainWindow.xib; sourceTree = "<group>"; };
		3A9E6C5E13295D120055628C /* SudokubotViewController.h */ = {isa = PBXFileReference; lastKnownFileType = sourcecode.c.h; path = SudokubotViewController.h; sourceTree = "<group>"; };
		3A9E6C5F13295D120055628C /* SudokubotViewController.mm */ = {isa = PBXFileReference; lastKnownFileType = sourcecode.cpp.objcpp; name = SudokubotViewController.mm; path = Sudokubot/SudokubotViewController.mm; sourceTree = SOURCE_ROOT; };
		3A9E6C6213295D120055628C /* en */ = {isa = PBXFileReference; lastKnownFileType = file.xib; name = en; path = en.lproj/SudokubotViewController.xib; sourceTree = "<group>"; };
		3A9E6C6913295D120055628C /* SudokubotTests.octest */ = {isa = PBXFileReference; explicitFileType = wrapper.cfbundle; includeInIndex = 0; path = SudokubotTests.octest; sourceTree = BUILT_PRODUCTS_DIR; };
		3A9E6C7113295D120055628C /* SudokubotTests-Info.plist */ = {isa = PBXFileReference; lastKnownFileType = text.plist.xml; path = "SudokubotTests-Info.plist"; sourceTree = "<group>"; };
		3A9E6C7313295D120055628C /* en */ = {isa = PBXFileReference; lastKnownFileType = text.plist.strings; name = en; path = en.lproj/InfoPlist.strings; sourceTree = "<group>"; };
		3A9E6C7513295D130055628C /* SudokubotTests-Prefix.pch */ = {isa = PBXFileReference; lastKnownFileType = sourcecode.c.h; path = "SudokubotTests-Prefix.pch"; sourceTree = "<group>"; };
		3A9E6C7613295D130055628C /* SudokubotTests.hpp */ = {isa = PBXFileReference; lastKnownFileType = sourcecode.cpp.h; path = SudokubotTests.hpp; sourceTree = "<group>"; };
		3A9E6C7813295D130055628C /* SudokubotTests.mm */ = {isa = PBXFileReference; lastKnownFileType = sourcecode.cpp.objcpp; path = SudokubotTests.mm; sourceTree = "<group>"; };
		3AC35C72133466F80099F669 /* PuzzleParser.hpp */ = {isa = PBXFileReference; fileEncoding = 4; lastKnownFileType = sourcecode.cpp.h; path = PuzzleParser.hpp; sourceTree = "<group>"; };
		3AC35C73133466F90099F669 /* PuzzleParser.mm */ = {isa = PBXFileReference; fileEncoding = 4; lastKnownFileType = sourcecode.cpp.objcpp; path = PuzzleParser.mm; sourceTree = "<group>"; };
/* End PBXFileReference section */

/* Begin PBXFrameworksBuildPhase section */
		3A9E6C4213295D120055628C /* Frameworks */ = {
			isa = PBXFrameworksBuildPhase;
			buildActionMask = 2147483647;
			files = (
				3A9E6C4A13295D120055628C /* UIKit.framework in Frameworks */,
				3A9E6C4C13295D120055628C /* Foundation.framework in Frameworks */,
				3A9E6C4E13295D120055628C /* CoreGraphics.framework in Frameworks */,
			);
			runOnlyForDeploymentPostprocessing = 0;
		};
		3A9E6C6513295D120055628C /* Frameworks */ = {
			isa = PBXFrameworksBuildPhase;
			buildActionMask = 2147483647;
			files = (
				3A9E6C6A13295D120055628C /* UIKit.framework in Frameworks */,
				3A9E6C6B13295D120055628C /* Foundation.framework in Frameworks */,
				3A9E6C6C13295D120055628C /* CoreGraphics.framework in Frameworks */,
			);
			runOnlyForDeploymentPostprocessing = 0;
		};
/* End PBXFrameworksBuildPhase section */

/* Begin PBXGroup section */
		3A91390513463DC80058CB15 /* Other Frameworks */ = {
			isa = PBXGroup;
			children = (
				3A91390613463DC80058CB15 /* AppKit.framework */,
				3A91390713463DC80058CB15 /* CoreData.framework */,
				3A91390813463DC80058CB15 /* Foundation.framework */,
			);
			name = "Other Frameworks";
			sourceTree = "<group>";
		};
		3A94CC861331B5F700B380B2 /* basicOCR */ = {
			isa = PBXGroup;
			children = (
				3A94CC951331B60800B380B2 /* Training Files */,
				3A94CC891331B5F700B380B2 /* basicOCR.mm */,
				3A94CC8A1331B5F700B380B2 /* basicOCR.hpp */,
				3A94CC8D1331B5F700B380B2 /* preprocessing.mm */,
				3A94CC8E1331B5F700B380B2 /* preprocessing.hpp */,
			);
			path = basicOCR;
			sourceTree = "<group>";
		};
		3A94CC951331B60800B380B2 /* Training Files */ = {
			isa = PBXGroup;
			children = (
				3A94CC961331B60800B380B2 /* 0 */,
				3A94CCFB1331B60800B380B2 /* 1 */,
				3A94CD601331B60900B380B2 /* 2 */,
				3A94CDC51331B60900B380B2 /* 3 */,
				3A94CE2A1331B60900B380B2 /* 4 */,
				3A94CE8F1331B60900B380B2 /* 5 */,
				3A94CEF41331B60900B380B2 /* 6 */,
				3A94CF591331B60900B380B2 /* 7 */,
				3A94CFBE1331B60900B380B2 /* 8 */,
				3A94D0231331B60900B380B2 /* 9 */,
			);
			name = "Training Files";
			path = ../OCR;
			sourceTree = "<group>";
		};
		3A94CC961331B60800B380B2 /* 0 */ = {
			isa = PBXGroup;
			children = (
				3A94CC971331B60800B380B2 /* 000.pbm */,
			);
			path = 0;
			sourceTree = "<group>";
		};
		3A94CCFB1331B60800B380B2 /* 1 */ = {
			isa = PBXGroup;
			children = (
				3A94CCFC1331B60800B380B2 /* 100.pbm */,
			);
			path = 1;
			sourceTree = "<group>";
		};
		3A94CD601331B60900B380B2 /* 2 */ = {
			isa = PBXGroup;
			children = (
				3A94CD611331B60900B380B2 /* 200.pbm */,
			);
			path = 2;
			sourceTree = "<group>";
		};
		3A94CDC51331B60900B380B2 /* 3 */ = {
			isa = PBXGroup;
			children = (
				3A94CDC61331B60900B380B2 /* 300.pbm */,
			);
			path = 3;
			sourceTree = "<group>";
		};
		3A94CE2A1331B60900B380B2 /* 4 */ = {
			isa = PBXGroup;
			children = (
				3A94CE2B1331B60900B380B2 /* 400.pbm */,
			);
			path = 4;
			sourceTree = "<group>";
		};
		3A94CE8F1331B60900B380B2 /* 5 */ = {
			isa = PBXGroup;
			children = (
				3A94CE901331B60900B380B2 /* 500.pbm */,
			);
			path = 5;
			sourceTree = "<group>";
		};
		3A94CEF41331B60900B380B2 /* 6 */ = {
			isa = PBXGroup;
			children = (
				3A94CEF51331B60900B380B2 /* 600.pbm */,
			);
			path = 6;
			sourceTree = "<group>";
		};
		3A94CF591331B60900B380B2 /* 7 */ = {
			isa = PBXGroup;
			children = (
				3A94CF5A1331B60900B380B2 /* 700.pbm */,
			);
			path = 7;
			sourceTree = "<group>";
		};
		3A94CFBE1331B60900B380B2 /* 8 */ = {
			isa = PBXGroup;
			children = (
				3A94CFBF1331B60900B380B2 /* 800.pbm */,
			);
			path = 8;
			sourceTree = "<group>";
		};
		3A94D0231331B60900B380B2 /* 9 */ = {
			isa = PBXGroup;
			children = (
				3A94D0241331B60900B380B2 /* 900.pbm */,
			);
			path = 9;
			sourceTree = "<group>";
		};
		3A9E6C3A13295D110055628C = {
			isa = PBXGroup;
			children = (
				3A9E6C4F13295D120055628C /* Sudokubot */,
				3A9E6C6F13295D120055628C /* SudokubotTests */,
				3A9E6C4813295D120055628C /* Frameworks */,
				3A9E6C4613295D120055628C /* Products */,
			);
			sourceTree = "<group>";
		};
		3A9E6C4613295D120055628C /* Products */ = {
			isa = PBXGroup;
			children = (
				3A9E6C4513295D120055628C /* Sudokubot.app */,
				3A9E6C6913295D120055628C /* SudokubotTests.octest */,
			);
			name = Products;
			sourceTree = "<group>";
		};
		3A9E6C4813295D120055628C /* Frameworks */ = {
			isa = PBXGroup;
			children = (
				3A9E6C4913295D120055628C /* UIKit.framework */,
				3A9E6C4B13295D120055628C /* Foundation.framework */,
				3A9E6C4D13295D120055628C /* CoreGraphics.framework */,
				3A91390513463DC80058CB15 /* Other Frameworks */,
			);
			name = Frameworks;
			sourceTree = "<group>";
		};
		3A9E6C4F13295D120055628C /* Sudokubot */ = {
			isa = PBXGroup;
			children = (
				3A94CC861331B5F700B380B2 /* basicOCR */,
				3A9E6C8213296AFB0055628C /* Resources */,
				3A9E6C5813295D120055628C /* SudokubotAppDelegate.h */,
				3A9E6C5913295D120055628C /* SudokubotAppDelegate.mm */,
				3A9E6C5B13295D120055628C /* MainWindow.xib */,
				3A9E6C5E13295D120055628C /* SudokubotViewController.h */,
				3A9E6C5F13295D120055628C /* SudokubotViewController.mm */,
				3A9E6C6113295D120055628C /* SudokubotViewController.xib */,
				3A9E6C5013295D120055628C /* Supporting Files */,
				3A8FEDCD132CD99F00654072 /* cvutil.hpp */,
				3A8FEDCE132CD99F00654072 /* cvutil.mm */,
				3AC35C72133466F80099F669 /* PuzzleParser.hpp */,
				3AC35C73133466F90099F669 /* PuzzleParser.mm */,
				3A8F9E6B134BADC000E43520 /* solver.hpp */,
				3A8F9E6C134BADC000E43520 /* solver.mm */,
				3A7E57CE134EB0B7003CCF9D /* BoardViewController.h */,
				3A7E57CF134EB0B7003CCF9D /* BoardViewController.mm */,
				3A7E57D0134EB0B7003CCF9D /* BoardViewController.xib */,
				3A7E57D3134EB3D3003CCF9D /* HelpViewController.h */,
				3A7E57D4134EB3D3003CCF9D /* HelpViewController.m */,
				3A7E57D5134EB3D4003CCF9D /* HelpViewController.xib */,
				3A951C1B1352CE12006ACF0C /* ArchiveViewController.h */,
				3A951C1C1352CE13006ACF0C /* ArchiveViewController.m */,
				3A951C1D1352CE14006ACF0C /* ArchiveViewController.xib */,
			);
			path = Sudokubot;
			sourceTree = "<group>";
		};
		3A9E6C5013295D120055628C /* Supporting Files */ = {
			isa = PBXGroup;
			children = (
				3A9E6C5113295D120055628C /* Sudokubot-Info.plist */,
				3A9E6C5213295D120055628C /* InfoPlist.strings */,
				3A9E6C5513295D120055628C /* Sudokubot-Prefix.pch */,
				3A9E6C5613295D120055628C /* main.m */,
			);
			name = "Supporting Files";
			sourceTree = "<group>";
		};
		3A9E6C6F13295D120055628C /* SudokubotTests */ = {
			isa = PBXGroup;
			children = (
				3A9E6C7613295D130055628C /* SudokubotTests.hpp */,
				3A9E6C7813295D130055628C /* SudokubotTests.mm */,
				3A9E6C7013295D120055628C /* Supporting Files */,
			);
			path = SudokubotTests;
			sourceTree = "<group>";
		};
		3A9E6C7013295D120055628C /* Supporting Files */ = {
			isa = PBXGroup;
			children = (
				3A9E6C7113295D120055628C /* SudokubotTests-Info.plist */,
				3A9E6C7213295D120055628C /* InfoPlist.strings */,
				3A9E6C7513295D130055628C /* SudokubotTests-Prefix.pch */,
			);
			name = "Supporting Files";
			sourceTree = "<group>";
		};
		3A9E6C8213296AFB0055628C /* Resources */ = {
			isa = PBXGroup;
			children = (
				3A94CC6E1331B46000B380B2 /* numerics0to9.png */,
				3A996BE0132FF9700061CCFD /* simpleLines.png */,
				3A582757132CF031003F8ACC /* puzzle1.png */,
			);
			name = Resources;
			sourceTree = "<group>";
		};
/* End PBXGroup section */

/* Begin PBXNativeTarget section */
		3A9E6C4413295D120055628C /* Sudokubot */ = {
			isa = PBXNativeTarget;
			buildConfigurationList = 3A9E6C7C13295D130055628C /* Build configuration list for PBXNativeTarget "Sudokubot" */;
			buildPhases = (
				3A9E6C4113295D120055628C /* Sources */,
				3A9E6C4213295D120055628C /* Frameworks */,
				3A9E6C4313295D120055628C /* Resources */,
			);
			buildRules = (
			);
			dependencies = (
			);
			name = Sudokubot;
			productName = Sudokubot;
			productReference = 3A9E6C4513295D120055628C /* Sudokubot.app */;
			productType = "com.apple.product-type.application";
		};
		3A9E6C6813295D120055628C /* SudokubotTests */ = {
			isa = PBXNativeTarget;
			buildConfigurationList = 3A9E6C7F13295D130055628C /* Build configuration list for PBXNativeTarget "SudokubotTests" */;
			buildPhases = (
				3A9E6C6413295D120055628C /* Sources */,
				3A9E6C6513295D120055628C /* Frameworks */,
				3A9E6C6613295D120055628C /* Resources */,
				3A9E6C6713295D120055628C /* ShellScript */,
			);
			buildRules = (
			);
			dependencies = (
				3A9E6C6E13295D120055628C /* PBXTargetDependency */,
			);
			name = SudokubotTests;
			productName = SudokubotTests;
			productReference = 3A9E6C6913295D120055628C /* SudokubotTests.octest */;
			productType = "com.apple.product-type.bundle";
		};
/* End PBXNativeTarget section */

/* Begin PBXProject section */
		3A9E6C3C13295D110055628C /* Project object */ = {
			isa = PBXProject;
			attributes = {
				ORGANIZATIONNAME = none;
			};
			buildConfigurationList = 3A9E6C3F13295D110055628C /* Build configuration list for PBXProject "Sudokubot" */;
			compatibilityVersion = "Xcode 3.2";
			developmentRegion = English;
			hasScannedForEncodings = 0;
			knownRegions = (
				en,
			);
			mainGroup = 3A9E6C3A13295D110055628C;
			productRefGroup = 3A9E6C4613295D120055628C /* Products */;
			projectDirPath = "";
			projectRoot = "";
			targets = (
				3A9E6C4413295D120055628C /* Sudokubot */,
				3A9E6C6813295D120055628C /* SudokubotTests */,
			);
		};
/* End PBXProject section */

/* Begin PBXResourcesBuildPhase section */
		3A9E6C4313295D120055628C /* Resources */ = {
			isa = PBXResourcesBuildPhase;
			buildActionMask = 2147483647;
			files = (
				3A9E6C5413295D120055628C /* InfoPlist.strings in Resources */,
				3A9E6C5D13295D120055628C /* MainWindow.xib in Resources */,
				3A9E6C6313295D120055628C /* SudokubotViewController.xib in Resources */,
				3A582759132CF031003F8ACC /* puzzle1.png in Resources */,
				3A996BE2132FF9700061CCFD /* simpleLines.png in Resources */,
				3A94CC701331B46000B380B2 /* numerics0to9.png in Resources */,
				3A94D0881331B60A00B380B2 /* 000.pbm in Resources */,
				3A94D0EC1331B60A00B380B2 /* 100.pbm in Resources */,
				3A94D1501331B60A00B380B2 /* 200.pbm in Resources */,
				3A94D1B41331B60A00B380B2 /* 300.pbm in Resources */,
				3A94D2181331B60A00B380B2 /* 400.pbm in Resources */,
				3A94D27C1331B60A00B380B2 /* 500.pbm in Resources */,
				3A94D2E01331B60A00B380B2 /* 600.pbm in Resources */,
				3A94D3441331B60A00B380B2 /* 700.pbm in Resources */,
				3A94D3A81331B60A00B380B2 /* 800.pbm in Resources */,
				3A94D40C1331B60A00B380B2 /* 900.pbm in Resources */,
				3A7E57D2134EB0B7003CCF9D /* BoardViewController.xib in Resources */,
				3A7E57D7134EB3D4003CCF9D /* HelpViewController.xib in Resources */,
				3A951C1F1352CE17006ACF0C /* ArchiveViewController.xib in Resources */,
			);
			runOnlyForDeploymentPostprocessing = 0;
		};
		3A9E6C6613295D120055628C /* Resources */ = {
			isa = PBXResourcesBuildPhase;
			buildActionMask = 2147483647;
			files = (
				3A9E6C7413295D130055628C /* InfoPlist.strings in Resources */,
				3A9E6C7713295D130055628C /* SudokubotTests.hpp in Resources */,
			);
			runOnlyForDeploymentPostprocessing = 0;
		};
/* End PBXResourcesBuildPhase section */

/* Begin PBXShellScriptBuildPhase section */
		3A9E6C6713295D120055628C /* ShellScript */ = {
			isa = PBXShellScriptBuildPhase;
			buildActionMask = 2147483647;
			files = (
			);
			inputPaths = (
			);
			outputPaths = (
			);
			runOnlyForDeploymentPostprocessing = 0;
			shellPath = /bin/sh;
			shellScript = "# Run the unit tests in this test bundle.\n\"${SYSTEM_DEVELOPER_DIR}/Tools/RunUnitTests\"\n";
		};
/* End PBXShellScriptBuildPhase section */

/* Begin PBXSourcesBuildPhase section */
		3A9E6C4113295D120055628C /* Sources */ = {
			isa = PBXSourcesBuildPhase;
			buildActionMask = 2147483647;
			files = (
				3A9E6C5713295D120055628C /* main.m in Sources */,
				3A9E6C5A13295D120055628C /* SudokubotAppDelegate.mm in Sources */,
				3A9E6C6013295D120055628C /* SudokubotViewController.mm in Sources */,
				3A8FEDCF132CD99F00654072 /* cvutil.mm in Sources */,
				3A94CC911331B5F700B380B2 /* basicOCR.mm in Sources */,
				3A94CC941331B5F700B380B2 /* preprocessing.mm in Sources */,
				3AC35C74133466FA0099F669 /* PuzzleParser.mm in Sources */,
				3A8F9E6D134BADC000E43520 /* solver.mm in Sources */,
				3A7E57D1134EB0B7003CCF9D /* BoardViewController.mm in Sources */,
				3A7E57D6134EB3D4003CCF9D /* HelpViewController.m in Sources */,
				3A951C1E1352CE17006ACF0C /* ArchiveViewController.m in Sources */,
			);
			runOnlyForDeploymentPostprocessing = 0;
		};
		3A9E6C6413295D120055628C /* Sources */ = {
			isa = PBXSourcesBuildPhase;
			buildActionMask = 2147483647;
			files = (
				3A9E6C7913295D130055628C /* SudokubotTests.mm in Sources */,
			);
			runOnlyForDeploymentPostprocessing = 0;
		};
/* End PBXSourcesBuildPhase section */

/* Begin PBXTargetDependency section */
		3A9E6C6E13295D120055628C /* PBXTargetDependency */ = {
			isa = PBXTargetDependency;
			target = 3A9E6C4413295D120055628C /* Sudokubot */;
			targetProxy = 3A9E6C6D13295D120055628C /* PBXContainerItemProxy */;
		};
/* End PBXTargetDependency section */

/* Begin PBXVariantGroup section */
		3A582757132CF031003F8ACC /* puzzle1.png */ = {
			isa = PBXVariantGroup;
			children = (
				3A582758132CF031003F8ACC /* en */,
			);
			name = puzzle1.png;
			sourceTree = "<group>";
		};
		3A94CC6E1331B46000B380B2 /* numerics0to9.png */ = {
			isa = PBXVariantGroup;
			children = (
				3A94CC6F1331B46000B380B2 /* en */,
			);
			name = numerics0to9.png;
			sourceTree = "<group>";
		};
		3A996BE0132FF9700061CCFD /* simpleLines.png */ = {
			isa = PBXVariantGroup;
			children = (
				3A996BE1132FF9700061CCFD /* en */,
			);
			name = simpleLines.png;
			sourceTree = "<group>";
		};
		3A9E6C5213295D120055628C /* InfoPlist.strings */ = {
			isa = PBXVariantGroup;
			children = (
				3A9E6C5313295D120055628C /* en */,
			);
			name = InfoPlist.strings;
			sourceTree = "<group>";
		};
		3A9E6C5B13295D120055628C /* MainWindow.xib */ = {
			isa = PBXVariantGroup;
			children = (
				3A9E6C5C13295D120055628C /* en */,
			);
			name = MainWindow.xib;
			sourceTree = "<group>";
		};
		3A9E6C6113295D120055628C /* SudokubotViewController.xib */ = {
			isa = PBXVariantGroup;
			children = (
				3A9E6C6213295D120055628C /* en */,
			);
			name = SudokubotViewController.xib;
			sourceTree = "<group>";
		};
		3A9E6C7213295D120055628C /* InfoPlist.strings */ = {
			isa = PBXVariantGroup;
			children = (
				3A9E6C7313295D120055628C /* en */,
			);
			name = InfoPlist.strings;
			sourceTree = "<group>";
		};
/* End PBXVariantGroup section */

/* Begin XCBuildConfiguration section */
		3A9E6C7A13295D130055628C /* Debug */ = {
			isa = XCBuildConfiguration;
			buildSettings = {
				ARCHS = "$(ARCHS_STANDARD_32_BIT)";
				"CODE_SIGN_IDENTITY[sdk=iphoneos*]" = "iPhone Developer";
				GCC_C_LANGUAGE_STANDARD = gnu99;
				GCC_OPTIMIZATION_LEVEL = 0;
				GCC_PREPROCESSOR_DEFINITIONS = DEBUG;
				GCC_SYMBOLS_PRIVATE_EXTERN = NO;
				GCC_VERSION = com.apple.compilers.llvmgcc42;
				GCC_WARN_ABOUT_RETURN_TYPE = YES;
				GCC_WARN_UNUSED_VARIABLE = YES;
				IPHONEOS_DEPLOYMENT_TARGET = 4.3;
				SDKROOT = iphoneos;
			};
			name = Debug;
		};
		3A9E6C7B13295D130055628C /* Release */ = {
			isa = XCBuildConfiguration;
			buildSettings = {
				ARCHS = "$(ARCHS_STANDARD_32_BIT)";
				"CODE_SIGN_IDENTITY[sdk=iphoneos*]" = "iPhone Developer";
				GCC_C_LANGUAGE_STANDARD = gnu99;
				GCC_VERSION = com.apple.compilers.llvmgcc42;
				GCC_WARN_ABOUT_RETURN_TYPE = YES;
				GCC_WARN_UNUSED_VARIABLE = YES;
				IPHONEOS_DEPLOYMENT_TARGET = 4.3;
				OTHER_CFLAGS = "-DNS_BLOCK_ASSERTIONS=1";
				SDKROOT = iphoneos;
			};
			name = Release;
		};
		3A9E6C7D13295D130055628C /* Debug */ = {
			isa = XCBuildConfiguration;
			buildSettings = {
				ALWAYS_SEARCH_USER_PATHS = NO;
				COPY_PHASE_STRIP = NO;
				GCC_DYNAMIC_NO_PIC = NO;
				GCC_PRECOMPILE_PREFIX_HEADER = YES;
				GCC_PREFIX_HEADER = "Sudokubot/Sudokubot-Prefix.pch";
				HEADER_SEARCH_PATHS = "/Users/haoest/Development/Sudokubot/Sudokubot/opencv/include/**";
				INFOPLIST_FILE = "Sudokubot/Sudokubot-Info.plist";
				LIBRARY_SEARCH_PATHS = (
					"/Users/haoest/Development/Sudokubot/Sudokubot/opencv/lib/debug-iphonesimulator/",
					"\"$(SRCROOT)/Sudokubot/opencv/lib/debug-iphoneos\"",
					"\"$(SRCROOT)/Sudokubot/opencv/lib/debug-universal\"",
					"\"$(SRCROOT)/Sudokubot/opencv/lib/release-iphoneos\"",
					"\"$(SRCROOT)/Sudokubot/opencv/lib/Release-iphonesimulator\"",
					"\"$(SRCROOT)/Sudokubot/opencv/lib/release-universal\"",
				);
				ONLY_ACTIVE_ARCH = NO;
				OTHER_LDFLAGS = (
					"-lz",
					"-lopencv_core",
					"-lopencv_flann",
					"-lopencv_legacy",
					"-lopencv_lapack",
					"-lopencv_contrib",
					"-lopencv_imgproc",
					"-lopencv_ml",
				);
				PRODUCT_NAME = "$(TARGET_NAME)";
				TARGETED_DEVICE_FAMILY = 1;
				VALIDATE_PRODUCT = YES;
				WRAPPER_EXTENSION = app;
			};
			name = Debug;
		};
		3A9E6C7E13295D130055628C /* Release */ = {
			isa = XCBuildConfiguration;
			buildSettings = {
				ALWAYS_SEARCH_USER_PATHS = NO;
				COPY_PHASE_STRIP = YES;
				GCC_PRECOMPILE_PREFIX_HEADER = YES;
				GCC_PREFIX_HEADER = "Sudokubot/Sudokubot-Prefix.pch";
				HEADER_SEARCH_PATHS = "/Users/haoest/Development/Sudokubot/Sudokubot/opencv/include/**";
				INFOPLIST_FILE = "Sudokubot/Sudokubot-Info.plist";
				LIBRARY_SEARCH_PATHS = (
					"/Users/haoest/Development/Sudokubot/Sudokubot/opencv/lib/debug-iphonesimulator/",
					"\"$(SRCROOT)/Sudokubot/opencv/lib/debug-iphoneos\"",
					"\"$(SRCROOT)/Sudokubot/opencv/lib/debug-universal\"",
					"\"$(SRCROOT)/Sudokubot/opencv/lib/release-iphoneos\"",
					"\"$(SRCROOT)/Sudokubot/opencv/lib/Release-iphonesimulator\"",
					"\"$(SRCROOT)/Sudokubot/opencv/lib/release-universal\"",
				);
				ONLY_ACTIVE_ARCH = NO;
				OTHER_LDFLAGS = (
					"-lz",
					"-lopencv_core",
					"-lopencv_flann",
					"-lopencv_legacy",
					"-lopencv_lapack",
					"-lopencv_contrib",
					"-lopencv_imgproc",
					"-lopencv_ml",
				);
				PRODUCT_NAME = "$(TARGET_NAME)";
				TARGETED_DEVICE_FAMILY = 1;
				VALIDATE_PRODUCT = YES;
				WRAPPER_EXTENSION = app;
			};
			name = Release;
		};
		3A9E6C8013295D130055628C /* Debug */ = {
			isa = XCBuildConfiguration;
			buildSettings = {
				ALWAYS_SEARCH_USER_PATHS = NO;
				BUNDLE_LOADER = "$(BUILT_PRODUCTS_DIR)/Sudokubot.app/Sudokubot";
				FRAMEWORK_SEARCH_PATHS = (
					"$(SDKROOT)/Developer/Library/Frameworks",
					"$(DEVELOPER_LIBRARY_DIR)/Frameworks",
				);
				GCC_PRECOMPILE_PREFIX_HEADER = YES;
				GCC_PREFIX_HEADER = "SudokubotTests/SudokubotTests-Prefix.pch";
				HEADER_SEARCH_PATHS = "/Users/haoest/Development/Sudokubot/Sudokubot/opencv/include/**";
				INFOPLIST_FILE = "SudokubotTests/SudokubotTests-Info.plist";
				LIBRARY_SEARCH_PATHS = (
					"/Users/haoest/Development/Sudokubot/Sudokubot/opencv/lib/debug-iphonesimulator/",
					"\"$(SRCROOT)/Sudokubot/opencv/lib/debug-iphoneos\"",
					"\"$(SRCROOT)/Sudokubot/opencv/lib/debug-universal\"",
					"\"$(SRCROOT)/Sudokubot/opencv/lib/release-iphoneos\"",
					"\"$(SRCROOT)/Sudokubot/opencv/lib/Release-iphonesimulator\"",
					"\"$(SRCROOT)/Sudokubot/opencv/lib/release-universal\"",
				);
				OTHER_LDFLAGS = (
					"-framework",
					SenTestingKit,
				);
				PRODUCT_NAME = "$(TARGET_NAME)";
				TEST_HOST = "$(BUNDLE_LOADER)";
				WRAPPER_EXTENSION = octest;
			};
			name = Debug;
		};
		3A9E6C8113295D130055628C /* Release */ = {
			isa = XCBuildConfiguration;
			buildSettings = {
				ALWAYS_SEARCH_USER_PATHS = NO;
				BUNDLE_LOADER = "$(BUILT_PRODUCTS_DIR)/Sudokubot.app/Sudokubot";
				FRAMEWORK_SEARCH_PATHS = (
					"$(SDKROOT)/Developer/Library/Frameworks",
					"$(DEVELOPER_LIBRARY_DIR)/Frameworks",
				);
				GCC_PRECOMPILE_PREFIX_HEADER = YES;
				GCC_PREFIX_HEADER = "SudokubotTests/SudokubotTests-Prefix.pch";
				HEADER_SEARCH_PATHS = "/Users/haoest/Development/Sudokubot/Sudokubot/opencv/include/**";
				INFOPLIST_FILE = "SudokubotTests/SudokubotTests-Info.plist";
				LIBRARY_SEARCH_PATHS = (
					"/Users/haoest/Development/Sudokubot/Sudokubot/opencv/lib/debug-iphonesimulator/",
					"\"$(SRCROOT)/Sudokubot/opencv/lib/debug-iphoneos\"",
					"\"$(SRCROOT)/Sudokubot/opencv/lib/debug-universal\"",
					"\"$(SRCROOT)/Sudokubot/opencv/lib/release-iphoneos\"",
					"\"$(SRCROOT)/Sudokubot/opencv/lib/Release-iphonesimulator\"",
					"\"$(SRCROOT)/Sudokubot/opencv/lib/release-universal\"",
				);
				OTHER_LDFLAGS = (
					"-framework",
					SenTestingKit,
				);
				PRODUCT_NAME = "$(TARGET_NAME)";
				TEST_HOST = "$(BUNDLE_LOADER)";
				WRAPPER_EXTENSION = octest;
			};
			name = Release;
		};
/* End XCBuildConfiguration section */

/* Begin XCConfigurationList section */
		3A9E6C3F13295D110055628C /* Build configuration list for PBXProject "Sudokubot" */ = {
			isa = XCConfigurationList;
			buildConfigurations = (
				3A9E6C7A13295D130055628C /* Debug */,
				3A9E6C7B13295D130055628C /* Release */,
			);
			defaultConfigurationIsVisible = 0;
			defaultConfigurationName = Release;
		};
		3A9E6C7C13295D130055628C /* Build configuration list for PBXNativeTarget "Sudokubot" */ = {
			isa = XCConfigurationList;
			buildConfigurations = (
				3A9E6C7D13295D130055628C /* Debug */,
				3A9E6C7E13295D130055628C /* Release */,
			);
			defaultConfigurationIsVisible = 0;
			defaultConfigurationName = Release;
		};
		3A9E6C7F13295D130055628C /* Build configuration list for PBXNativeTarget "SudokubotTests" */ = {
			isa = XCConfigurationList;
			buildConfigurations = (
				3A9E6C8013295D130055628C /* Debug */,
				3A9E6C8113295D130055628C /* Release */,
			);
			defaultConfigurationIsVisible = 0;
			defaultConfigurationName = Release;
		};
/* End XCConfigurationList section */
	};
	rootObject = 3A9E6C3C13295D110055628C /* Project object */;
}
