// !$*UTF8*$!
{
	archiveVersion = 1;
	classes = {
	};
	objectVersion = 77;
	objects = {

/* Begin PBXBuildFile section */
		AA0000000000000000000021 /* opencv2.xcframework in Frameworks */ = {isa = PBXBuildFile; fileRef = AA0000000000000000000020 /* opencv2.xcframework */; };
		AA0000000000000000000022 /* Accelerate.framework in Frameworks */ = {isa = PBXBuildFile; fileRef = AA0000000000000000000023 /* Accelerate.framework */; };
		AA0000000000000000000024 /* libz.tbd in Frameworks */ = {isa = PBXBuildFile; fileRef = AA0000000000000000000025 /* libz.tbd */; };
/* End PBXBuildFile section */

/* Begin PBXContainerItemProxy section */
		AA0000000000000000000050 /* PBXContainerItemProxy */ = {
			isa = PBXContainerItemProxy;
			containerPortal = AA0000000000000000000001 /* Project object */;
			proxyType = 1;
			remoteGlobalIDString = AA0000000000000000000030;
			remoteInfo = Sudokubot;
		};
/* End PBXContainerItemProxy section */

/* Begin PBXFileReference section */
		AA0000000000000000000070 /* Developer.xcconfig */ = {isa = PBXFileReference; lastKnownFileType = text.xcconfig; path = "Config/Developer.xcconfig"; sourceTree = "<group>"; };
		AA0000000000000000000020 /* opencv2.xcframework */ = {isa = PBXFileReference; lastKnownFileType = wrapper.xcframework; path = opencv2.xcframework; sourceTree = "<group>"; };
		AA0000000000000000000023 /* Accelerate.framework */ = {isa = PBXFileReference; lastKnownFileType = wrapper.framework; name = Accelerate.framework; path = System/Library/Frameworks/Accelerate.framework; sourceTree = SDKROOT; };
		AA0000000000000000000025 /* libz.tbd */ = {isa = PBXFileReference; lastKnownFileType = "sourcecode.text-based-dylib-definition"; name = libz.tbd; path = usr/lib/libz.tbd; sourceTree = SDKROOT; };
		AA0000000000000000000031 /* Sudokubot.app */ = {isa = PBXFileReference; explicitFileType = wrapper.application; includeInIndex = 0; path = Sudokubot.app; sourceTree = BUILT_PRODUCTS_DIR; };
		AA0000000000000000000041 /* SudokubotTests.xctest */ = {isa = PBXFileReference; explicitFileType = wrapper.cfbundle; includeInIndex = 0; path = SudokubotTests.xctest; sourceTree = BUILT_PRODUCTS_DIR; };
/* End PBXFileReference section */

/* Begin PBXFileSystemSynchronizedBuildFileExceptionSet section */
		AA0000000000000000000012 /* Exceptions for "Sudokubot" folder in "Sudokubot" target */ = {
			isa = PBXFileSystemSynchronizedBuildFileExceptionSet;
			membershipExceptions = (
				"Sudokubot-Info.plist",
			);
			target = AA0000000000000000000030 /* Sudokubot */;
		};
		AA0000000000000000000013 /* Exceptions for "SudokubotTests" folder in "SudokubotTests" target */ = {
			isa = PBXFileSystemSynchronizedBuildFileExceptionSet;
			membershipExceptions = (
				"SudokubotTests-Info.plist",
			);
			target = AA0000000000000000000040 /* SudokubotTests */;
		};
/* End PBXFileSystemSynchronizedBuildFileExceptionSet section */

/* Begin PBXFileSystemSynchronizedRootGroup section */
		AA0000000000000000000010 /* Sudokubot */ = {
			isa = PBXFileSystemSynchronizedRootGroup;
			exceptions = (
				AA0000000000000000000012 /* Exceptions for "Sudokubot" folder in "Sudokubot" target */,
			);
			path = Sudokubot;
			sourceTree = "<group>";
		};
		AA0000000000000000000011 /* SudokubotTests */ = {
			isa = PBXFileSystemSynchronizedRootGroup;
			exceptions = (
				AA0000000000000000000013 /* Exceptions for "SudokubotTests" folder in "SudokubotTests" target */,
			);
			path = SudokubotTests;
			sourceTree = "<group>";
		};
/* End PBXFileSystemSynchronizedRootGroup section */

/* Begin PBXFrameworksBuildPhase section */
		AA0000000000000000000033 /* Frameworks */ = {
			isa = PBXFrameworksBuildPhase;
			buildActionMask = 2147483647;
			files = (
				AA0000000000000000000021 /* opencv2.xcframework in Frameworks */,
				AA0000000000000000000022 /* Accelerate.framework in Frameworks */,
				AA0000000000000000000024 /* libz.tbd in Frameworks */,
			);
			runOnlyForDeploymentPostprocessing = 0;
		};
		AA0000000000000000000043 /* Frameworks */ = {
			isa = PBXFrameworksBuildPhase;
			buildActionMask = 2147483647;
			files = (
			);
			runOnlyForDeploymentPostprocessing = 0;
		};
/* End PBXFrameworksBuildPhase section */

/* Begin PBXGroup section */
		AA0000000000000000000002 = {
			isa = PBXGroup;
			children = (
				AA0000000000000000000070 /* Developer.xcconfig */,
				AA0000000000000000000010 /* Sudokubot */,
				AA0000000000000000000011 /* SudokubotTests */,
				AA0000000000000000000004 /* Frameworks */,
				AA0000000000000000000003 /* Products */,
			);
			sourceTree = "<group>";
		};
		AA0000000000000000000003 /* Products */ = {
			isa = PBXGroup;
			children = (
				AA0000000000000000000031 /* Sudokubot.app */,
				AA0000000000000000000041 /* SudokubotTests.xctest */,
			);
			name = Products;
			sourceTree = "<group>";
		};
		AA0000000000000000000004 /* Frameworks */ = {
			isa = PBXGroup;
			children = (
				AA0000000000000000000020 /* opencv2.xcframework */,
				AA0000000000000000000023 /* Accelerate.framework */,
				AA0000000000000000000025 /* libz.tbd */,
			);
			name = Frameworks;
			sourceTree = "<group>";
		};
/* End PBXGroup section */

/* Begin PBXNativeTarget section */
		AA0000000000000000000030 /* Sudokubot */ = {
			isa = PBXNativeTarget;
			buildConfigurationList = AA0000000000000000000063 /* Build configuration list for PBXNativeTarget "Sudokubot" */;
			buildPhases = (
				AA0000000000000000000032 /* Sources */,
				AA0000000000000000000033 /* Frameworks */,
				AA0000000000000000000034 /* Resources */,
			);
			buildRules = (
			);
			dependencies = (
			);
			fileSystemSynchronizedGroups = (
				AA0000000000000000000010 /* Sudokubot */,
			);
			name = Sudokubot;
			packageProductDependencies = (
			);
			productName = Sudokubot;
			productReference = AA0000000000000000000031 /* Sudokubot.app */;
			productType = "com.apple.product-type.application";
		};
		AA0000000000000000000040 /* SudokubotTests */ = {
			isa = PBXNativeTarget;
			buildConfigurationList = AA0000000000000000000066 /* Build configuration list for PBXNativeTarget "SudokubotTests" */;
			buildPhases = (
				AA0000000000000000000042 /* Sources */,
				AA0000000000000000000043 /* Frameworks */,
				AA0000000000000000000044 /* Resources */,
			);
			buildRules = (
			);
			dependencies = (
				AA0000000000000000000051 /* PBXTargetDependency */,
			);
			fileSystemSynchronizedGroups = (
				AA0000000000000000000011 /* SudokubotTests */,
			);
			name = SudokubotTests;
			packageProductDependencies = (
			);
			productName = SudokubotTests;
			productReference = AA0000000000000000000041 /* SudokubotTests.xctest */;
			productType = "com.apple.product-type.bundle.unit-test";
		};
/* End PBXNativeTarget section */

/* Begin PBXProject section */
		AA0000000000000000000001 /* Project object */ = {
			isa = PBXProject;
			attributes = {
				BuildIndependentTargetsInParallel = 1;
				LastUpgradeCheck = 1620;
				TargetAttributes = {
					AA0000000000000000000040 = {
						TestTargetID = AA0000000000000000000030;
					};
				};
			};
			buildConfigurationList = AA0000000000000000000060 /* Build configuration list for PBXProject "Sudokubot" */;
			developmentRegion = en;
			hasScannedForEncodings = 0;
			knownRegions = (
				en,
				Base,
			);
			mainGroup = AA0000000000000000000002;
			minimizedProjectReferenceProxies = 1;
			preferredProjectObjectVersion = 77;
			productRefGroup = AA0000000000000000000003 /* Products */;
			projectDirPath = "";
			projectRoot = "";
			targets = (
				AA0000000000000000000030 /* Sudokubot */,
				AA0000000000000000000040 /* SudokubotTests */,
			);
		};
/* End PBXProject section */

/* Begin PBXResourcesBuildPhase section */
		AA0000000000000000000034 /* Resources */ = {
			isa = PBXResourcesBuildPhase;
			buildActionMask = 2147483647;
			files = (
			);
			runOnlyForDeploymentPostprocessing = 0;
		};
		AA0000000000000000000044 /* Resources */ = {
			isa = PBXResourcesBuildPhase;
			buildActionMask = 2147483647;
			files = (
			);
			runOnlyForDeploymentPostprocessing = 0;
		};
/* End PBXResourcesBuildPhase section */

/* Begin PBXSourcesBuildPhase section */
		AA0000000000000000000032 /* Sources */ = {
			isa = PBXSourcesBuildPhase;
			buildActionMask = 2147483647;
			files = (
			);
			runOnlyForDeploymentPostprocessing = 0;
		};
		AA0000000000000000000042 /* Sources */ = {
			isa = PBXSourcesBuildPhase;
			buildActionMask = 2147483647;
			files = (
			);
			runOnlyForDeploymentPostprocessing = 0;
		};
/* End PBXSourcesBuildPhase section */

/* Begin PBXTargetDependency section */
		AA0000000000000000000051 /* PBXTargetDependency */ = {
			isa = PBXTargetDependency;
			target = AA0000000000000000000030 /* Sudokubot */;
			targetProxy = AA0000000000000000000050 /* PBXContainerItemProxy */;
		};
/* End PBXTargetDependency section */

/* Begin XCBuildConfiguration section */
		AA0000000000000000000061 /* Debug */ = {
			isa = XCBuildConfiguration;
			buildSettings = {
				ALWAYS_SEARCH_USER_PATHS = NO;
				CLANG_ANALYZER_NONNULL = YES;
				CLANG_CXX_LANGUAGE_STANDARD = "gnu++17";
				CLANG_ENABLE_MODULES = YES;
				CLANG_ENABLE_OBJC_ARC = YES;
				COPY_PHASE_STRIP = NO;
				DEBUG_INFORMATION_FORMAT = dwarf;
				ENABLE_STRICT_OBJC_MSGSEND = YES;
				ENABLE_TESTABILITY = YES;
				GCC_C_LANGUAGE_STANDARD = gnu11;
				GCC_DYNAMIC_NO_PIC = NO;
				GCC_NO_COMMON_BLOCKS = YES;
				GCC_OPTIMIZATION_LEVEL = 0;
				GCC_PREPROCESSOR_DEFINITIONS = (
					"DEBUG=1",
					"$(inherited)",
				);
				IPHONEOS_DEPLOYMENT_TARGET = 16.0;
				MTL_ENABLE_DEBUG_INFO = INCLUDE_SOURCE;
				MTL_FAST_MATH = YES;
				ONLY_ACTIVE_ARCH = YES;
				SDKROOT = iphoneos;
				SWIFT_ACTIVE_COMPILATION_CONDITIONS = "DEBUG $(inherited)";
				SWIFT_OPTIMIZATION_LEVEL = "-Onone";
				SWIFT_VERSION = 5.0;
				TARGETED_DEVICE_FAMILY = 1;
			};
			name = Debug;
		};
		AA0000000000000000000062 /* Release */ = {
			isa = XCBuildConfiguration;
			buildSettings = {
				ALWAYS_SEARCH_USER_PATHS = NO;
				CLANG_ANALYZER_NONNULL = YES;
				CLANG_CXX_LANGUAGE_STANDARD = "gnu++17";
				CLANG_ENABLE_MODULES = YES;
				CLANG_ENABLE_OBJC_ARC = YES;
				COPY_PHASE_STRIP = NO;
				DEBUG_INFORMATION_FORMAT = "dwarf-with-dsym";
				ENABLE_NS_ASSERTIONS = NO;
				ENABLE_STRICT_OBJC_MSGSEND = YES;
				GCC_C_LANGUAGE_STANDARD = gnu11;
				GCC_NO_COMMON_BLOCKS = YES;
				IPHONEOS_DEPLOYMENT_TARGET = 16.0;
				MTL_ENABLE_DEBUG_INFO = NO;
				MTL_FAST_MATH = YES;
				SDKROOT = iphoneos;
				SWIFT_COMPILATION_MODE = wholemodule;
				SWIFT_OPTIMIZATION_LEVEL = "-O";
				SWIFT_VERSION = 5.0;
				TARGETED_DEVICE_FAMILY = 1;
				VALIDATE_PRODUCT = YES;
			};
			name = Release;
		};
		AA0000000000000000000064 /* Debug */ = {
			isa = XCBuildConfiguration;
			baseConfigurationReference = AA0000000000000000000070 /* Developer.xcconfig */;
			buildSettings = {
				CODE_SIGN_STYLE = Automatic;
				HEADER_SEARCH_PATHS = (
					"$(SRCROOT)/Sudokubot",
					"$(SRCROOT)/Sudokubot/basicOCR",
				);
				INFOPLIST_FILE = "Sudokubot/Sudokubot-Info.plist";
				LD_RUNPATH_SEARCH_PATHS = (
					"$(inherited)",
					"@executable_path/Frameworks",
				);
				PRODUCT_BUNDLE_IDENTIFIER = com.haoest.Sudokubot;
				PRODUCT_NAME = "$(TARGET_NAME)";
				SWIFT_OBJC_BRIDGING_HEADER = "Sudokubot/Sudokubot-Bridging-Header.h";
			};
			name = Debug;
		};
		AA0000000000000000000065 /* Release */ = {
			isa = XCBuildConfiguration;
			baseConfigurationReference = AA0000000000000000000070 /* Developer.xcconfig */;
			buildSettings = {
				CODE_SIGN_STYLE = Automatic;
				HEADER_SEARCH_PATHS = (
					"$(SRCROOT)/Sudokubot",
					"$(SRCROOT)/Sudokubot/basicOCR",
				);
				INFOPLIST_FILE = "Sudokubot/Sudokubot-Info.plist";
				LD_RUNPATH_SEARCH_PATHS = (
					"$(inherited)",
					"@executable_path/Frameworks",
				);
				PRODUCT_BUNDLE_IDENTIFIER = com.haoest.Sudokubot;
				PRODUCT_NAME = "$(TARGET_NAME)";
				SWIFT_OBJC_BRIDGING_HEADER = "Sudokubot/Sudokubot-Bridging-Header.h";
			};
			name = Release;
		};
		AA0000000000000000000067 /* Debug */ = {
			isa = XCBuildConfiguration;
			baseConfigurationReference = AA0000000000000000000070 /* Developer.xcconfig */;
			buildSettings = {
				BUNDLE_LOADER = "$(TEST_HOST)";
				CODE_SIGN_STYLE = Automatic;
				"FRAMEWORK_SEARCH_PATHS[sdk=iphoneos*]" = "$(SRCROOT)/opencv2.xcframework/ios-arm64";
				"FRAMEWORK_SEARCH_PATHS[sdk=iphonesimulator*]" = "$(SRCROOT)/opencv2.xcframework/ios-arm64-simulator";
				HEADER_SEARCH_PATHS = (
					"$(SRCROOT)/Sudokubot",
					"$(SRCROOT)/Sudokubot/basicOCR",
				);
				INFOPLIST_FILE = "SudokubotTests/SudokubotTests-Info.plist";
				LD_RUNPATH_SEARCH_PATHS = (
					"$(inherited)",
					"@executable_path/Frameworks",
					"@loader_path/Frameworks",
				);
				PRODUCT_BUNDLE_IDENTIFIER = com.haoest.SudokubotTests;
				PRODUCT_NAME = "$(TARGET_NAME)";
				TEST_HOST = "$(BUILT_PRODUCTS_DIR)/Sudokubot.app/Sudokubot";
			};
			name = Debug;
		};
		AA0000000000000000000068 /* Release */ = {
			isa = XCBuildConfiguration;
			baseConfigurationReference = AA0000000000000000000070 /* Developer.xcconfig */;
			buildSettings = {
				BUNDLE_LOADER = "$(TEST_HOST)";
				CODE_SIGN_STYLE = Automatic;
				"FRAMEWORK_SEARCH_PATHS[sdk=iphoneos*]" = "$(SRCROOT)/opencv2.xcframework/ios-arm64";
				"FRAMEWORK_SEARCH_PATHS[sdk=iphonesimulator*]" = "$(SRCROOT)/opencv2.xcframework/ios-arm64-simulator";
				HEADER_SEARCH_PATHS = (
					"$(SRCROOT)/Sudokubot",
					"$(SRCROOT)/Sudokubot/basicOCR",
				);
				INFOPLIST_FILE = "SudokubotTests/SudokubotTests-Info.plist";
				LD_RUNPATH_SEARCH_PATHS = (
					"$(inherited)",
					"@executable_path/Frameworks",
					"@loader_path/Frameworks",
				);
				PRODUCT_BUNDLE_IDENTIFIER = com.haoest.SudokubotTests;
				PRODUCT_NAME = "$(TARGET_NAME)";
				TEST_HOST = "$(BUILT_PRODUCTS_DIR)/Sudokubot.app/Sudokubot";
			};
			name = Release;
		};
/* End XCBuildConfiguration section */

/* Begin XCConfigurationList section */
		AA0000000000000000000060 /* Build configuration list for PBXProject "Sudokubot" */ = {
			isa = XCConfigurationList;
			buildConfigurations = (
				AA0000000000000000000061 /* Debug */,
				AA0000000000000000000062 /* Release */,
			);
			defaultConfigurationIsVisible = 0;
			defaultConfigurationName = Release;
		};
		AA0000000000000000000063 /* Build configuration list for PBXNativeTarget "Sudokubot" */ = {
			isa = XCConfigurationList;
			buildConfigurations = (
				AA0000000000000000000064 /* Debug */,
				AA0000000000000000000065 /* Release */,
			);
			defaultConfigurationIsVisible = 0;
			defaultConfigurationName = Release;
		};
		AA0000000000000000000066 /* Build configuration list for PBXNativeTarget "SudokubotTests" */ = {
			isa = XCConfigurationList;
			buildConfigurations = (
				AA0000000000000000000067 /* Debug */,
				AA0000000000000000000068 /* Release */,
			);
			defaultConfigurationIsVisible = 0;
			defaultConfigurationName = Release;
		};
/* End XCConfigurationList section */
	};
	rootObject = AA0000000000000000000001 /* Project object */;
}
